// !$*UTF8*$!
{
	archiveVersion = 1;
	classes = {
	};
	objectVersion = 46;
	objects = {

/* Begin PBXBuildFile section */
		B74069571952F42A005B4330 /* Foundation.framework in Frameworks */ = {isa = PBXBuildFile; fileRef = B74069561952F42A005B4330 /* Foundation.framework */; };
		B74069591952F42A005B4330 /* CoreGraphics.framework in Frameworks */ = {isa = PBXBuildFile; fileRef = B74069581952F42A005B4330 /* CoreGraphics.framework */; };
		B740695B1952F42A005B4330 /* UIKit.framework in Frameworks */ = {isa = PBXBuildFile; fileRef = B740695A1952F42A005B4330 /* UIKit.framework */; };
		B740695D1952F42A005B4330 /* CoreData.framework in Frameworks */ = {isa = PBXBuildFile; fileRef = B740695C1952F42A005B4330 /* CoreData.framework */; };
		B74069631952F42A005B4330 /* InfoPlist.strings in Resources */ = {isa = PBXBuildFile; fileRef = B74069611952F42A005B4330 /* InfoPlist.strings */; };
		B74069651952F42A005B4330 /* main.m in Sources */ = {isa = PBXBuildFile; fileRef = B74069641952F42A005B4330 /* main.m */; };
		B74069691952F42A005B4330 /* AppDelegate.m in Sources */ = {isa = PBXBuildFile; fileRef = B74069681952F42A005B4330 /* AppDelegate.m */; };
		B740696C1952F42A005B4330 /* parse_test.xcdatamodeld in Sources */ = {isa = PBXBuildFile; fileRef = B740696A1952F42A005B4330 /* parse_test.xcdatamodeld */; };
		B740696E1952F42A005B4330 /* Images.xcassets in Resources */ = {isa = PBXBuildFile; fileRef = B740696D1952F42A005B4330 /* Images.xcassets */; };
		B74069751952F42A005B4330 /* XCTest.framework in Frameworks */ = {isa = PBXBuildFile; fileRef = B74069741952F42A005B4330 /* XCTest.framework */; };
		B74069761952F42A005B4330 /* Foundation.framework in Frameworks */ = {isa = PBXBuildFile; fileRef = B74069561952F42A005B4330 /* Foundation.framework */; };
		B74069771952F42A005B4330 /* UIKit.framework in Frameworks */ = {isa = PBXBuildFile; fileRef = B740695A1952F42A005B4330 /* UIKit.framework */; };
		B74069781952F42A005B4330 /* CoreData.framework in Frameworks */ = {isa = PBXBuildFile; fileRef = B740695C1952F42A005B4330 /* CoreData.framework */; };
		B74069801952F42A005B4330 /* InfoPlist.strings in Resources */ = {isa = PBXBuildFile; fileRef = B740697E1952F42A005B4330 /* InfoPlist.strings */; };
		B74069821952F42A005B4330 /* parse_testTests.m in Sources */ = {isa = PBXBuildFile; fileRef = B74069811952F42A005B4330 /* parse_testTests.m */; };
/* End PBXBuildFile section */

/* Begin PBXContainerItemProxy section */
		B74069791952F42A005B4330 /* PBXContainerItemProxy */ = {
			isa = PBXContainerItemProxy;
			containerPortal = B740694B1952F42A005B4330 /* Project object */;
			proxyType = 1;
			remoteGlobalIDString = B74069521952F42A005B4330;
			remoteInfo = parse_test;
		};
/* End PBXContainerItemProxy section */

/* Begin PBXFileReference section */
		B74069531952F42A005B4330 /* parse_test.app */ = {isa = PBXFileReference; explicitFileType = wrapper.application; includeInIndex = 0; path = parse_test.app; sourceTree = BUILT_PRODUCTS_DIR; };
		B74069561952F42A005B4330 /* Foundation.framework */ = {isa = PBXFileReference; lastKnownFileType = wrapper.framework; name = Foundation.framework; path = System/Library/Frameworks/Foundation.framework; sourceTree = SDKROOT; };
		B74069581952F42A005B4330 /* CoreGraphics.framework */ = {isa = PBXFileReference; lastKnownFileType = wrapper.framework; name = CoreGraphics.framework; path = System/Library/Frameworks/CoreGraphics.framework; sourceTree = SDKROOT; };
		B740695A1952F42A005B4330 /* UIKit.framework */ = {isa = PBXFileReference; lastKnownFileType = wrapper.framework; name = UIKit.framework; path = System/Library/Frameworks/UIKit.framework; sourceTree = SDKROOT; };
		B740695C1952F42A005B4330 /* CoreData.framework */ = {isa = PBXFileReference; lastKnownFileType = wrapper.framework; name = CoreData.framework; path = System/Library/Frameworks/CoreData.framework; sourceTree = SDKROOT; };
		B74069601952F42A005B4330 /* parse_test-Info.plist */ = {isa = PBXFileReference; lastKnownFileType = text.plist.xml; path = "parse_test-Info.plist"; sourceTree = "<group>"; };
		B74069621952F42A005B4330 /* en */ = {isa = PBXFileReference; lastKnownFileType = text.plist.strings; name = en; path = en.lproj/InfoPlist.strings; sourceTree = "<group>"; };
		B74069641952F42A005B4330 /* main.m */ = {isa = PBXFileReference; lastKnownFileType = sourcecode.c.objc; path = main.m; sourceTree = "<group>"; };
		B74069661952F42A005B4330 /* parse_test-Prefix.pch */ = {isa = PBXFileReference; lastKnownFileType = sourcecode.c.h; path = "parse_test-Prefix.pch"; sourceTree = "<group>"; };
		B74069671952F42A005B4330 /* AppDelegate.h */ = {isa = PBXFileReference; lastKnownFileType = sourcecode.c.h; path = AppDelegate.h; sourceTree = "<group>"; };
		B74069681952F42A005B4330 /* AppDelegate.m */ = {isa = PBXFileReference; lastKnownFileType = sourcecode.c.objc; path = AppDelegate.m; sourceTree = "<group>"; };
		B740696B1952F42A005B4330 /* parse_test.xcdatamodel */ = {isa = PBXFileReference; lastKnownFileType = wrapper.xcdatamodel; path = parse_test.xcdatamodel; sourceTree = "<group>"; };
		B740696D1952F42A005B4330 /* Images.xcassets */ = {isa = PBXFileReference; lastKnownFileType = folder.assetcatalog; path = Images.xcassets; sourceTree = "<group>"; };
		B74069731952F42A005B4330 /* parse_testTests.xctest */ = {isa = PBXFileReference; explicitFileType = wrapper.cfbundle; includeInIndex = 0; path = parse_testTests.xctest; sourceTree = BUILT_PRODUCTS_DIR; };
		B74069741952F42A005B4330 /* XCTest.framework */ = {isa = PBXFileReference; lastKnownFileType = wrapper.framework; name = XCTest.framework; path = Library/Frameworks/XCTest.framework; sourceTree = DEVELOPER_DIR; };
		B740697D1952F42A005B4330 /* parse_testTests-Info.plist */ = {isa = PBXFileReference; lastKnownFileType = text.plist.xml; path = "parse_testTests-Info.plist"; sourceTree = "<group>"; };
		B740697F1952F42A005B4330 /* en */ = {isa = PBXFileReference; lastKnownFileType = text.plist.strings; name = en; path = en.lproj/InfoPlist.strings; sourceTree = "<group>"; };
		B74069811952F42A005B4330 /* parse_testTests.m */ = {isa = PBXFileReference; lastKnownFileType = sourcecode.c.objc; path = parse_testTests.m; sourceTree = "<group>"; };
/* End PBXFileReference section */

/* Begin PBXFrameworksBuildPhase section */
		B74069501952F42A005B4330 /* Frameworks */ = {
			isa = PBXFrameworksBuildPhase;
			buildActionMask = 2147483647;
			files = (
				B74069591952F42A005B4330 /* CoreGraphics.framework in Frameworks */,
				B740695D1952F42A005B4330 /* CoreData.framework in Frameworks */,
				B740695B1952F42A005B4330 /* UIKit.framework in Frameworks */,
				B74069571952F42A005B4330 /* Foundation.framework in Frameworks */,
			);
			runOnlyForDeploymentPostprocessing = 0;
		};
		B74069701952F42A005B4330 /* Frameworks */ = {
			isa = PBXFrameworksBuildPhase;
			buildActionMask = 2147483647;
			files = (
				B74069751952F42A005B4330 /* XCTest.framework in Frameworks */,
				B74069781952F42A005B4330 /* CoreData.framework in Frameworks */,
				B74069771952F42A005B4330 /* UIKit.framework in Frameworks */,
				B74069761952F42A005B4330 /* Foundation.framework in Frameworks */,
			);
			runOnlyForDeploymentPostprocessing = 0;
		};
/* End PBXFrameworksBuildPhase section */

/* Begin PBXGroup section */
		B740694A1952F42A005B4330 = {
			isa = PBXGroup;
			children = (
				B740695E1952F42A005B4330 /* parse_test */,
				B740697B1952F42A005B4330 /* parse_testTests */,
				B74069551952F42A005B4330 /* Frameworks */,
				B74069541952F42A005B4330 /* Products */,
			);
			sourceTree = "<group>";
		};
		B74069541952F42A005B4330 /* Products */ = {
			isa = PBXGroup;
			children = (
				B74069531952F42A005B4330 /* parse_test.app */,
				B74069731952F42A005B4330 /* parse_testTests.xctest */,
			);
			name = Products;
			sourceTree = "<group>";
		};
		B74069551952F42A005B4330 /* Frameworks */ = {
			isa = PBXGroup;
			children = (
				B74069561952F42A005B4330 /* Foundation.framework */,
				B74069581952F42A005B4330 /* CoreGraphics.framework */,
				B740695A1952F42A005B4330 /* UIKit.framework */,
				B740695C1952F42A005B4330 /* CoreData.framework */,
				B74069741952F42A005B4330 /* XCTest.framework */,
			);
			name = Frameworks;
			sourceTree = "<group>";
		};
		B740695E1952F42A005B4330 /* parse_test */ = {
			isa = PBXGroup;
			children = (
				B74069671952F42A005B4330 /* AppDelegate.h */,
				B74069681952F42A005B4330 /* AppDelegate.m */,
				B740696D1952F42A005B4330 /* Images.xcassets */,
				B740696A1952F42A005B4330 /* parse_test.xcdatamodeld */,
				B740695F1952F42A005B4330 /* Supporting Files */,
			);
			path = parse_test;
			sourceTree = "<group>";
		};
		B740695F1952F42A005B4330 /* Supporting Files */ = {
			isa = PBXGroup;
			children = (
				B74069601952F42A005B4330 /* parse_test-Info.plist */,
				B74069611952F42A005B4330 /* InfoPlist.strings */,
				B74069641952F42A005B4330 /* main.m */,
				B74069661952F42A005B4330 /* parse_test-Prefix.pch */,
			);
			name = "Supporting Files";
			sourceTree = "<group>";
		};
		B740697B1952F42A005B4330 /* parse_testTests */ = {
			isa = PBXGroup;
			children = (
				B74069811952F42A005B4330 /* parse_testTests.m */,
				B740697C1952F42A005B4330 /* Supporting Files */,
			);
			path = parse_testTests;
			sourceTree = "<group>";
		};
		B740697C1952F42A005B4330 /* Supporting Files */ = {
			isa = PBXGroup;
			children = (
				B740697D1952F42A005B4330 /* parse_testTests-Info.plist */,
				B740697E1952F42A005B4330 /* InfoPlist.strings */,
			);
			name = "Supporting Files";
			sourceTree = "<group>";
		};
/* End PBXGroup section */

/* Begin PBXNativeTarget section */
		B74069521952F42A005B4330 /* parse_test */ = {
			isa = PBXNativeTarget;
			buildConfigurationList = B74069851952F42A005B4330 /* Build configuration list for PBXNativeTarget "parse_test" */;
			buildPhases = (
				B740694F1952F42A005B4330 /* Sources */,
				B74069501952F42A005B4330 /* Frameworks */,
				B74069511952F42A005B4330 /* Resources */,
			);
			buildRules = (
			);
			dependencies = (
			);
			name = parse_test;
			productName = parse_test;
			productReference = B74069531952F42A005B4330 /* parse_test.app */;
			productType = "com.apple.product-type.application";
		};
		B74069721952F42A005B4330 /* parse_testTests */ = {
			isa = PBXNativeTarget;
			buildConfigurationList = B74069881952F42A005B4330 /* Build configuration list for PBXNativeTarget "parse_testTests" */;
			buildPhases = (
				B740696F1952F42A005B4330 /* Sources */,
				B74069701952F42A005B4330 /* Frameworks */,
				B74069711952F42A005B4330 /* Resources */,
			);
			buildRules = (
			);
			dependencies = (
				B740697A1952F42A005B4330 /* PBXTargetDependency */,
			);
			name = parse_testTests;
			productName = parse_testTests;
			productReference = B74069731952F42A005B4330 /* parse_testTests.xctest */;
			productType = "com.apple.product-type.bundle.unit-test";
		};
/* End PBXNativeTarget section */

/* Begin PBXProject section */
		B740694B1952F42A005B4330 /* Project object */ = {
			isa = PBXProject;
			attributes = {
				LastUpgradeCheck = 0510;
				ORGANIZATIONNAME = iquince;
				TargetAttributes = {
					B74069721952F42A005B4330 = {
						TestTargetID = B74069521952F42A005B4330;
					};
				};
			};
			buildConfigurationList = B740694E1952F42A005B4330 /* Build configuration list for PBXProject "parse_test" */;
			compatibilityVersion = "Xcode 3.2";
			developmentRegion = English;
			hasScannedForEncodings = 0;
			knownRegions = (
				en,
			);
			mainGroup = B740694A1952F42A005B4330;
			productRefGroup = B74069541952F42A005B4330 /* Products */;
			projectDirPath = "";
			projectRoot = "";
			targets = (
				B74069521952F42A005B4330 /* parse_test */,
				B74069721952F42A005B4330 /* parse_testTests */,
			);
		};
/* End PBXProject section */

/* Begin PBXResourcesBuildPhase section */
		B74069511952F42A005B4330 /* Resources */ = {
			isa = PBXResourcesBuildPhase;
			buildActionMask = 2147483647;
			files = (
				B74069631952F42A005B4330 /* InfoPlist.strings in Resources */,
				B740696E1952F42A005B4330 /* Images.xcassets in Resources */,
			);
			runOnlyForDeploymentPostprocessing = 0;
		};
		B74069711952F42A005B4330 /* Resources */ = {
			isa = PBXResourcesBuildPhase;
			buildActionMask = 2147483647;
			files = (
				B74069801952F42A005B4330 /* InfoPlist.strings in Resources */,
			);
			runOnlyForDeploymentPostprocessing = 0;
		};
/* End PBXResourcesBuildPhase section */

/* Begin PBXSourcesBuildPhase section */
		B740694F1952F42A005B4330 /* Sources */ = {
			isa = PBXSourcesBuildPhase;
			buildActionMask = 2147483647;
			files = (
				B74069691952F42A005B4330 /* AppDelegate.m in Sources */,
				B740696C1952F42A005B4330 /* parse_test.xcdatamodeld in Sources */,
				B74069651952F42A005B4330 /* main.m in Sources */,
			);
			runOnlyForDeploymentPostprocessing = 0;
		};
		B740696F1952F42A005B4330 /* Sources */ = {
			isa = PBXSourcesBuildPhase;
			buildActionMask = 2147483647;
			files = (
				B74069821952F42A005B4330 /* parse_testTests.m in Sources */,
			);
			runOnlyForDeploymentPostprocessing = 0;
		};
/* End PBXSourcesBuildPhase section */

/* Begin PBXTargetDependency section */
		B740697A1952F42A005B4330 /* PBXTargetDependency */ = {
			isa = PBXTargetDependency;
			target = B74069521952F42A005B4330 /* parse_test */;
			targetProxy = B74069791952F42A005B4330 /* PBXContainerItemProxy */;
		};
/* End PBXTargetDependency section */

/* Begin PBXVariantGroup section */
		B74069611952F42A005B4330 /* InfoPlist.strings */ = {
			isa = PBXVariantGroup;
			children = (
				B74069621952F42A005B4330 /* en */,
			);
			name = InfoPlist.strings;
			sourceTree = "<group>";
		};
		B740697E1952F42A005B4330 /* InfoPlist.strings */ = {
			isa = PBXVariantGroup;
			children = (
				B740697F1952F42A005B4330 /* en */,
			);
			name = InfoPlist.strings;
			sourceTree = "<group>";
		};
/* End PBXVariantGroup section */

/* Begin XCBuildConfiguration section */
		B74069831952F42A005B4330 /* Debug */ = {
			isa = XCBuildConfiguration;
			buildSettings = {
				ALWAYS_SEARCH_USER_PATHS = NO;
				CLANG_CXX_LANGUAGE_STANDARD = "gnu++0x";
				CLANG_CXX_LIBRARY = "libc++";
				CLANG_ENABLE_MODULES = YES;
				CLANG_ENABLE_OBJC_ARC = YES;
				CLANG_WARN_BOOL_CONVERSION = YES;
				CLANG_WARN_CONSTANT_CONVERSION = YES;
				CLANG_WARN_DIRECT_OBJC_ISA_USAGE = YES_ERROR;
				CLANG_WARN_EMPTY_BODY = YES;
				CLANG_WARN_ENUM_CONVERSION = YES;
				CLANG_WARN_INT_CONVERSION = YES;
				CLANG_WARN_OBJC_ROOT_CLASS = YES_ERROR;
				CLANG_WARN__DUPLICATE_METHOD_MATCH = YES;
				"CODE_SIGN_IDENTITY[sdk=iphoneos*]" = "iPhone Developer";
				COPY_PHASE_STRIP = NO;
				GCC_C_LANGUAGE_STANDARD = gnu99;
				GCC_DYNAMIC_NO_PIC = NO;
				GCC_OPTIMIZATION_LEVEL = 0;
				GCC_PREPROCESSOR_DEFINITIONS = (
					"DEBUG=1",
					"$(inherited)",
				);
				GCC_SYMBOLS_PRIVATE_EXTERN = NO;
				GCC_WARN_64_TO_32_BIT_CONVERSION = YES;
				GCC_WARN_ABOUT_RETURN_TYPE = YES_ERROR;
				GCC_WARN_UNDECLARED_SELECTOR = YES;
				GCC_WARN_UNINITIALIZED_AUTOS = YES_AGGRESSIVE;
				GCC_WARN_UNUSED_FUNCTION = YES;
				GCC_WARN_UNUSED_VARIABLE = YES;
				IPHONEOS_DEPLOYMENT_TARGET = 7.1;
				ONLY_ACTIVE_ARCH = YES;
				SDKROOT = iphoneos;
				TARGETED_DEVICE_FAMILY = "1,2";
			};
			name = Debug;
		};
		B74069841952F42A005B4330 /* Release */ = {
			isa = XCBuildConfiguration;
			buildSettings = {
				ALWAYS_SEARCH_USER_PATHS = NO;
				CLANG_CXX_LANGUAGE_STANDARD = "gnu++0x";
				CLANG_CXX_LIBRARY = "libc++";
				CLANG_ENABLE_MODULES = YES;
				CLANG_ENABLE_OBJC_ARC = YES;
				CLANG_WARN_BOOL_CONVERSION = YES;
				CLANG_WARN_CONSTANT_CONVERSION = YES;
				CLANG_WARN_DIRECT_OBJC_ISA_USAGE = YES_ERROR;
				CLANG_WARN_EMPTY_BODY = YES;
				CLANG_WARN_ENUM_CONVERSION = YES;
				CLANG_WARN_INT_CONVERSION = YES;
				CLANG_WARN_OBJC_ROOT_CLASS = YES_ERROR;
				CLANG_WARN__DUPLICATE_METHOD_MATCH = YES;
				"CODE_SIGN_IDENTITY[sdk=iphoneos*]" = "iPhone Developer";
				COPY_PHASE_STRIP = YES;
				ENABLE_NS_ASSERTIONS = NO;
				GCC_C_LANGUAGE_STANDARD = gnu99;
				GCC_WARN_64_TO_32_BIT_CONVERSION = YES;
				GCC_WARN_ABOUT_RETURN_TYPE = YES_ERROR;
				GCC_WARN_UNDECLARED_SELECTOR = YES;
				GCC_WARN_UNINITIALIZED_AUTOS = YES_AGGRESSIVE;
				GCC_WARN_UNUSED_FUNCTION = YES;
				GCC_WARN_UNUSED_VARIABLE = YES;
				IPHONEOS_DEPLOYMENT_TARGET = 7.1;
				SDKROOT = iphoneos;
				TARGETED_DEVICE_FAMILY = "1,2";
				VALIDATE_PRODUCT = YES;
			};
			name = Release;
		};
		B74069861952F42A005B4330 /* Debug */ = {
			isa = XCBuildConfiguration;
			buildSettings = {
				ASSETCATALOG_COMPILER_APPICON_NAME = AppIcon;
				ASSETCATALOG_COMPILER_LAUNCHIMAGE_NAME = LaunchImage;
				GCC_PRECOMPILE_PREFIX_HEADER = YES;
				GCC_PREFIX_HEADER = "parse_test/parse_test-Prefix.pch";
				INFOPLIST_FILE = "parse_test/parse_test-Info.plist";
				PRODUCT_NAME = "$(TARGET_NAME)";
				WRAPPER_EXTENSION = app;
			};
			name = Debug;
		};
		B74069871952F42A005B4330 /* Release */ = {
			isa = XCBuildConfiguration;
			buildSettings = {
				ASSETCATALOG_COMPILER_APPICON_NAME = AppIcon;
				ASSETCATALOG_COMPILER_LAUNCHIMAGE_NAME = LaunchImage;
				GCC_PRECOMPILE_PREFIX_HEADER = YES;
				GCC_PREFIX_HEADER = "parse_test/parse_test-Prefix.pch";
				INFOPLIST_FILE = "parse_test/parse_test-Info.plist";
				PRODUCT_NAME = "$(TARGET_NAME)";
				WRAPPER_EXTENSION = app;
			};
			name = Release;
		};
		B74069891952F42A005B4330 /* Debug */ = {
			isa = XCBuildConfiguration;
			buildSettings = {
				BUNDLE_LOADER = "$(BUILT_PRODUCTS_DIR)/parse_test.app/parse_test";
				FRAMEWORK_SEARCH_PATHS = (
					"$(SDKROOT)/Developer/Library/Frameworks",
					"$(inherited)",
					"$(DEVELOPER_FRAMEWORKS_DIR)",
				);
				GCC_PRECOMPILE_PREFIX_HEADER = YES;
				GCC_PREFIX_HEADER = "parse_test/parse_test-Prefix.pch";
				GCC_PREPROCESSOR_DEFINITIONS = (
					"DEBUG=1",
					"$(inherited)",
				);
				INFOPLIST_FILE = "parse_testTests/parse_testTests-Info.plist";
				PRODUCT_NAME = "$(TARGET_NAME)";
				TEST_HOST = "$(BUNDLE_LOADER)";
				WRAPPER_EXTENSION = xctest;
			};
			name = Debug;
		};
		B740698A1952F42A005B4330 /* Release */ = {
			isa = XCBuildConfiguration;
			buildSettings = {
				BUNDLE_LOADER = "$(BUILT_PRODUCTS_DIR)/parse_test.app/parse_test";
				FRAMEWORK_SEARCH_PATHS = (
					"$(SDKROOT)/Developer/Library/Frameworks",
					"$(inherited)",
					"$(DEVELOPER_FRAMEWORKS_DIR)",
				);
				GCC_PRECOMPILE_PREFIX_HEADER = YES;
				GCC_PREFIX_HEADER = "parse_test/parse_test-Prefix.pch";
				INFOPLIST_FILE = "parse_testTests/parse_testTests-Info.plist";
				PRODUCT_NAME = "$(TARGET_NAME)";
				TEST_HOST = "$(BUNDLE_LOADER)";
				WRAPPER_EXTENSION = xctest;
			};
			name = Release;
		};
/* End XCBuildConfiguration section */

/* Begin XCConfigurationList section */
		B740694E1952F42A005B4330 /* Build configuration list for PBXProject "parse_test" */ = {
			isa = XCConfigurationList;
			buildConfigurations = (
				B74069831952F42A005B4330 /* Debug */,
				B74069841952F42A005B4330 /* Release */,
			);
			defaultConfigurationIsVisible = 0;
			defaultConfigurationName = Release;
		};
		B74069851952F42A005B4330 /* Build configuration list for PBXNativeTarget "parse_test" */ = {
			isa = XCConfigurationList;
			buildConfigurations = (
				B74069861952F42A005B4330 /* Debug */,
				B74069871952F42A005B4330 /* Release */,
			);
			defaultConfigurationIsVisible = 0;
		};
		B74069881952F42A005B4330 /* Build configuration list for PBXNativeTarget "parse_testTests" */ = {
			isa = XCConfigurationList;
			buildConfigurations = (
				B74069891952F42A005B4330 /* Debug */,
				B740698A1952F42A005B4330 /* Release */,
			);
			defaultConfigurationIsVisible = 0;
		};
/* End XCConfigurationList section */

/* Begin XCVersionGroup section */
		B740696A1952F42A005B4330 /* parse_test.xcdatamodeld */ = {
			isa = XCVersionGroup;
			children = (
				B740696B1952F42A005B4330 /* parse_test.xcdatamodel */,
			);
			currentVersion = B740696B1952F42A005B4330 /* parse_test.xcdatamodel */;
			path = parse_test.xcdatamodeld;
			sourceTree = "<group>";
			versionGroupType = wrapper.xcdatamodel;
		};
/* End XCVersionGroup section */
	};
	rootObject = B740694B1952F42A005B4330 /* Project object */;
}
